// !$*UTF8*$!
{
	archiveVersion = 1;
	classes = {
	};
	objectVersion = 55;
	objects = {

/* Begin PBXBuildFile section */
		094819142ACE238A005DA2B2 /* HeaderModel.swift in Sources */ = {isa = PBXBuildFile; fileRef = 094819132ACE238A005DA2B2 /* HeaderModel.swift */; };
		094819162ACE23F3005DA2B2 /* HeaderData.swift in Sources */ = {isa = PBXBuildFile; fileRef = 094819152ACE23F3005DA2B2 /* HeaderData.swift */; };
		094819182ACE26EA005DA2B2 /* DishesView.swift in Sources */ = {isa = PBXBuildFile; fileRef = 094819172ACE26EA005DA2B2 /* DishesView.swift */; };
		0948191A2ACF78D4005DA2B2 /* FactsView.swift in Sources */ = {isa = PBXBuildFile; fileRef = 094819192ACF78D4005DA2B2 /* FactsView.swift */; };
		0948191E2ACF7D65005DA2B2 /* FactModel.swift in Sources */ = {isa = PBXBuildFile; fileRef = 0948191D2ACF7D65005DA2B2 /* FactModel.swift */; };
		094819202ACF7DA8005DA2B2 /* FactData.swift in Sources */ = {isa = PBXBuildFile; fileRef = 0948191F2ACF7DA8005DA2B2 /* FactData.swift */; };
		094819222AD0651B005DA2B2 /* RecipeModel.swift in Sources */ = {isa = PBXBuildFile; fileRef = 094819212AD0651B005DA2B2 /* RecipeModel.swift */; };
		094819242AD065D6005DA2B2 /* RecipeData.swift in Sources */ = {isa = PBXBuildFile; fileRef = 094819232AD065D6005DA2B2 /* RecipeData.swift */; };
		094819262AD0670A005DA2B2 /* RecipeCardView.swift in Sources */ = {isa = PBXBuildFile; fileRef = 094819252AD0670A005DA2B2 /* RecipeCardView.swift */; };
		094819282AD07113005DA2B2 /* RecipeRatingView.swift in Sources */ = {isa = PBXBuildFile; fileRef = 094819272AD07113005DA2B2 /* RecipeRatingView.swift */; };
		0948192A2AD071B4005DA2B2 /* RecipeCookingView.swift in Sources */ = {isa = PBXBuildFile; fileRef = 094819292AD071B4005DA2B2 /* RecipeCookingView.swift */; };
		0948192C2AD07284005DA2B2 /* RecipeDetailView.swift in Sources */ = {isa = PBXBuildFile; fileRef = 0948192B2AD07284005DA2B2 /* RecipeDetailView.swift */; };
		0948192E2AD22CE9005DA2B2 /* RipeningView.swift in Sources */ = {isa = PBXBuildFile; fileRef = 0948192D2AD22CE9005DA2B2 /* RipeningView.swift */; };
		094819302AD23AAC005DA2B2 /* RipeningModel.swift in Sources */ = {isa = PBXBuildFile; fileRef = 0948192F2AD23AAC005DA2B2 /* RipeningModel.swift */; };
		094819322AD23B10005DA2B2 /* RipeningData.swift in Sources */ = {isa = PBXBuildFile; fileRef = 094819312AD23B10005DA2B2 /* RipeningData.swift */; };
		098FFF032ACB400100F7E266 /* AvocadosView.swift in Sources */ = {isa = PBXBuildFile; fileRef = 098FFF022ACB400100F7E266 /* AvocadosView.swift */; };
		098FFF052ACB403C00F7E266 /* RipeningStagesView.swift in Sources */ = {isa = PBXBuildFile; fileRef = 098FFF042ACB403C00F7E266 /* RipeningStagesView.swift */; };
		098FFF072ACB407000F7E266 /* SettingsView.swift in Sources */ = {isa = PBXBuildFile; fileRef = 098FFF062ACB407000F7E266 /* SettingsView.swift */; };
		098FFF092ACB409700F7E266 /* AppView.swift in Sources */ = {isa = PBXBuildFile; fileRef = 098FFF082ACB409700F7E266 /* AppView.swift */; };
		098FFF0B2ACB565B00F7E266 /* HeaderView.swift in Sources */ = {isa = PBXBuildFile; fileRef = 098FFF0A2ACB565B00F7E266 /* HeaderView.swift */; };
		09FE87132AC60B9D00924057 /* AvocadoApp.swift in Sources */ = {isa = PBXBuildFile; fileRef = 09FE87122AC60B9D00924057 /* AvocadoApp.swift */; };
		09FE87152AC60B9D00924057 /* ContentView.swift in Sources */ = {isa = PBXBuildFile; fileRef = 09FE87142AC60B9D00924057 /* ContentView.swift */; };
		09FE87172AC60BA500924057 /* Assets.xcassets in Resources */ = {isa = PBXBuildFile; fileRef = 09FE87162AC60BA500924057 /* Assets.xcassets */; };
		09FE871A2AC60BA500924057 /* Preview Assets.xcassets in Resources */ = {isa = PBXBuildFile; fileRef = 09FE87192AC60BA500924057 /* Preview Assets.xcassets */; };
/* End PBXBuildFile section */

/* Begin PBXFileReference section */
		094819132ACE238A005DA2B2 /* HeaderModel.swift */ = {isa = PBXFileReference; lastKnownFileType = sourcecode.swift; path = HeaderModel.swift; sourceTree = "<group>"; };
		094819152ACE23F3005DA2B2 /* HeaderData.swift */ = {isa = PBXFileReference; lastKnownFileType = sourcecode.swift; path = HeaderData.swift; sourceTree = "<group>"; };
		094819172ACE26EA005DA2B2 /* DishesView.swift */ = {isa = PBXFileReference; lastKnownFileType = sourcecode.swift; path = DishesView.swift; sourceTree = "<group>"; };
		094819192ACF78D4005DA2B2 /* FactsView.swift */ = {isa = PBXFileReference; lastKnownFileType = sourcecode.swift; path = FactsView.swift; sourceTree = "<group>"; };
		0948191D2ACF7D65005DA2B2 /* FactModel.swift */ = {isa = PBXFileReference; lastKnownFileType = sourcecode.swift; path = FactModel.swift; sourceTree = "<group>"; };
		0948191F2ACF7DA8005DA2B2 /* FactData.swift */ = {isa = PBXFileReference; lastKnownFileType = sourcecode.swift; path = FactData.swift; sourceTree = "<group>"; };
		094819212AD0651B005DA2B2 /* RecipeModel.swift */ = {isa = PBXFileReference; lastKnownFileType = sourcecode.swift; path = RecipeModel.swift; sourceTree = "<group>"; };
		094819232AD065D6005DA2B2 /* RecipeData.swift */ = {isa = PBXFileReference; lastKnownFileType = sourcecode.swift; path = RecipeData.swift; sourceTree = "<group>"; };
		094819252AD0670A005DA2B2 /* RecipeCardView.swift */ = {isa = PBXFileReference; lastKnownFileType = sourcecode.swift; path = RecipeCardView.swift; sourceTree = "<group>"; };
		094819272AD07113005DA2B2 /* RecipeRatingView.swift */ = {isa = PBXFileReference; lastKnownFileType = sourcecode.swift; path = RecipeRatingView.swift; sourceTree = "<group>"; };
		094819292AD071B4005DA2B2 /* RecipeCookingView.swift */ = {isa = PBXFileReference; lastKnownFileType = sourcecode.swift; path = RecipeCookingView.swift; sourceTree = "<group>"; };
		0948192B2AD07284005DA2B2 /* RecipeDetailView.swift */ = {isa = PBXFileReference; lastKnownFileType = sourcecode.swift; path = RecipeDetailView.swift; sourceTree = "<group>"; };
		0948192D2AD22CE9005DA2B2 /* RipeningView.swift */ = {isa = PBXFileReference; lastKnownFileType = sourcecode.swift; path = RipeningView.swift; sourceTree = "<group>"; };
		0948192F2AD23AAC005DA2B2 /* RipeningModel.swift */ = {isa = PBXFileReference; lastKnownFileType = sourcecode.swift; path = RipeningModel.swift; sourceTree = "<group>"; };
		094819312AD23B10005DA2B2 /* RipeningData.swift */ = {isa = PBXFileReference; lastKnownFileType = sourcecode.swift; path = RipeningData.swift; sourceTree = "<group>"; };
		098FFF022ACB400100F7E266 /* AvocadosView.swift */ = {isa = PBXFileReference; lastKnownFileType = sourcecode.swift; path = AvocadosView.swift; sourceTree = "<group>"; };
		098FFF042ACB403C00F7E266 /* RipeningStagesView.swift */ = {isa = PBXFileReference; lastKnownFileType = sourcecode.swift; path = RipeningStagesView.swift; sourceTree = "<group>"; };
		098FFF062ACB407000F7E266 /* SettingsView.swift */ = {isa = PBXFileReference; lastKnownFileType = sourcecode.swift; path = SettingsView.swift; sourceTree = "<group>"; };
		098FFF082ACB409700F7E266 /* AppView.swift */ = {isa = PBXFileReference; lastKnownFileType = sourcecode.swift; path = AppView.swift; sourceTree = "<group>"; };
		098FFF0A2ACB565B00F7E266 /* HeaderView.swift */ = {isa = PBXFileReference; lastKnownFileType = sourcecode.swift; path = HeaderView.swift; sourceTree = "<group>"; };
		09DEEDC72ACB371900A410C9 /* Info.plist */ = {isa = PBXFileReference; lastKnownFileType = text.plist; path = Info.plist; sourceTree = "<group>"; };
		09FE870F2AC60B9D00924057 /* Avocado.app */ = {isa = PBXFileReference; explicitFileType = wrapper.application; includeInIndex = 0; path = Avocado.app; sourceTree = BUILT_PRODUCTS_DIR; };
		09FE87122AC60B9D00924057 /* AvocadoApp.swift */ = {isa = PBXFileReference; lastKnownFileType = sourcecode.swift; path = AvocadoApp.swift; sourceTree = "<group>"; };
		09FE87142AC60B9D00924057 /* ContentView.swift */ = {isa = PBXFileReference; lastKnownFileType = sourcecode.swift; path = ContentView.swift; sourceTree = "<group>"; };
		09FE87162AC60BA500924057 /* Assets.xcassets */ = {isa = PBXFileReference; lastKnownFileType = folder.assetcatalog; path = Assets.xcassets; sourceTree = "<group>"; };
		09FE87192AC60BA500924057 /* Preview Assets.xcassets */ = {isa = PBXFileReference; lastKnownFileType = folder.assetcatalog; path = "Preview Assets.xcassets"; sourceTree = "<group>"; };
/* End PBXFileReference section */

/* Begin PBXFrameworksBuildPhase section */
		09FE870C2AC60B9D00924057 /* Frameworks */ = {
			isa = PBXFrameworksBuildPhase;
			buildActionMask = 2147483647;
			files = (
			);
			runOnlyForDeploymentPostprocessing = 0;
		};
/* End PBXFrameworksBuildPhase section */

/* Begin PBXGroup section */
		098FFEFF2ACB3FBA00F7E266 /* Data */ = {
			isa = PBXGroup;
			children = (
				094819152ACE23F3005DA2B2 /* HeaderData.swift */,
				0948191F2ACF7DA8005DA2B2 /* FactData.swift */,
				094819232AD065D6005DA2B2 /* RecipeData.swift */,
				094819312AD23B10005DA2B2 /* RipeningData.swift */,
			);
			path = Data;
			sourceTree = "<group>";
		};
		098FFF002ACB3FC800F7E266 /* Model */ = {
			isa = PBXGroup;
			children = (
				094819132ACE238A005DA2B2 /* HeaderModel.swift */,
				0948191D2ACF7D65005DA2B2 /* FactModel.swift */,
				094819212AD0651B005DA2B2 /* RecipeModel.swift */,
				0948192F2AD23AAC005DA2B2 /* RipeningModel.swift */,
			);
			path = Model;
			sourceTree = "<group>";
		};
		098FFF012ACB3FCD00F7E266 /* View */ = {
			isa = PBXGroup;
			children = (
				09FE87142AC60B9D00924057 /* ContentView.swift */,
				098FFF022ACB400100F7E266 /* AvocadosView.swift */,
				098FFF042ACB403C00F7E266 /* RipeningStagesView.swift */,
				098FFF062ACB407000F7E266 /* SettingsView.swift */,
				098FFF082ACB409700F7E266 /* AppView.swift */,
				098FFF0A2ACB565B00F7E266 /* HeaderView.swift */,
				094819172ACE26EA005DA2B2 /* DishesView.swift */,
				094819192ACF78D4005DA2B2 /* FactsView.swift */,
				094819252AD0670A005DA2B2 /* RecipeCardView.swift */,
				094819272AD07113005DA2B2 /* RecipeRatingView.swift */,
				094819292AD071B4005DA2B2 /* RecipeCookingView.swift */,
				0948192B2AD07284005DA2B2 /* RecipeDetailView.swift */,
				0948192D2AD22CE9005DA2B2 /* RipeningView.swift */,
			);
			path = View;
			sourceTree = "<group>";
		};
		09FE87062AC60B9D00924057 = {
			isa = PBXGroup;
			children = (
				09FE87112AC60B9D00924057 /* Avocado */,
				09FE87102AC60B9D00924057 /* Products */,
			);
			sourceTree = "<group>";
		};
		09FE87102AC60B9D00924057 /* Products */ = {
			isa = PBXGroup;
			children = (
				09FE870F2AC60B9D00924057 /* Avocado.app */,
			);
			name = Products;
			sourceTree = "<group>";
		};
		09FE87112AC60B9D00924057 /* Avocado */ = {
			isa = PBXGroup;
			children = (
				098FFF012ACB3FCD00F7E266 /* View */,
				098FFF002ACB3FC800F7E266 /* Model */,
				098FFEFF2ACB3FBA00F7E266 /* Data */,
				09DEEDC72ACB371900A410C9 /* Info.plist */,
				09FE87122AC60B9D00924057 /* AvocadoApp.swift */,
				09FE87162AC60BA500924057 /* Assets.xcassets */,
				09FE87182AC60BA500924057 /* Preview Content */,
			);
			path = Avocado;
			sourceTree = "<group>";
		};
		09FE87182AC60BA500924057 /* Preview Content */ = {
			isa = PBXGroup;
			children = (
				09FE87192AC60BA500924057 /* Preview Assets.xcassets */,
			);
			path = "Preview Content";
			sourceTree = "<group>";
		};
/* End PBXGroup section */

/* Begin PBXNativeTarget section */
		09FE870E2AC60B9D00924057 /* Avocado */ = {
			isa = PBXNativeTarget;
			buildConfigurationList = 09FE871D2AC60BA500924057 /* Build configuration list for PBXNativeTarget "Avocado" */;
			buildPhases = (
				09FE870B2AC60B9D00924057 /* Sources */,
				09FE870C2AC60B9D00924057 /* Frameworks */,
				09FE870D2AC60B9D00924057 /* Resources */,
			);
			buildRules = (
			);
			dependencies = (
			);
			name = Avocado;
			productName = Avocado;
			productReference = 09FE870F2AC60B9D00924057 /* Avocado.app */;
			productType = "com.apple.product-type.application";
		};
/* End PBXNativeTarget section */

/* Begin PBXProject section */
		09FE87072AC60B9D00924057 /* Project object */ = {
			isa = PBXProject;
			attributes = {
				BuildIndependentTargetsInParallel = 1;
				LastSwiftUpdateCheck = 1340;
				LastUpgradeCheck = 1340;
				TargetAttributes = {
					09FE870E2AC60B9D00924057 = {
						CreatedOnToolsVersion = 13.4.1;
					};
				};
			};
			buildConfigurationList = 09FE870A2AC60B9D00924057 /* Build configuration list for PBXProject "Avocado" */;
			compatibilityVersion = "Xcode 13.0";
			developmentRegion = en;
			hasScannedForEncodings = 0;
			knownRegions = (
				en,
				Base,
			);
			mainGroup = 09FE87062AC60B9D00924057;
			productRefGroup = 09FE87102AC60B9D00924057 /* Products */;
			projectDirPath = "";
			projectRoot = "";
			targets = (
				09FE870E2AC60B9D00924057 /* Avocado */,
			);
		};
/* End PBXProject section */

/* Begin PBXResourcesBuildPhase section */
		09FE870D2AC60B9D00924057 /* Resources */ = {
			isa = PBXResourcesBuildPhase;
			buildActionMask = 2147483647;
			files = (
				09FE871A2AC60BA500924057 /* Preview Assets.xcassets in Resources */,
				09FE87172AC60BA500924057 /* Assets.xcassets in Resources */,
			);
			runOnlyForDeploymentPostprocessing = 0;
		};
/* End PBXResourcesBuildPhase section */

/* Begin PBXSourcesBuildPhase section */
		09FE870B2AC60B9D00924057 /* Sources */ = {
			isa = PBXSourcesBuildPhase;
			buildActionMask = 2147483647;
			files = (
				098FFF072ACB407000F7E266 /* SettingsView.swift in Sources */,
				094819282AD07113005DA2B2 /* RecipeRatingView.swift in Sources */,
				094819302AD23AAC005DA2B2 /* RipeningModel.swift in Sources */,
				09FE87152AC60B9D00924057 /* ContentView.swift in Sources */,
				098FFF092ACB409700F7E266 /* AppView.swift in Sources */,
				098FFF052ACB403C00F7E266 /* RipeningStagesView.swift in Sources */,
				09FE87132AC60B9D00924057 /* AvocadoApp.swift in Sources */,
				098FFF032ACB400100F7E266 /* AvocadosView.swift in Sources */,
				094819142ACE238A005DA2B2 /* HeaderModel.swift in Sources */,
				094819222AD0651B005DA2B2 /* RecipeModel.swift in Sources */,
				094819162ACE23F3005DA2B2 /* HeaderData.swift in Sources */,
				094819182ACE26EA005DA2B2 /* DishesView.swift in Sources */,
				0948192A2AD071B4005DA2B2 /* RecipeCookingView.swift in Sources */,
				0948192E2AD22CE9005DA2B2 /* RipeningView.swift in Sources */,
				0948191E2ACF7D65005DA2B2 /* FactModel.swift in Sources */,
				0948191A2ACF78D4005DA2B2 /* FactsView.swift in Sources */,
				094819262AD0670A005DA2B2 /* RecipeCardView.swift in Sources */,
				094819242AD065D6005DA2B2 /* RecipeData.swift in Sources */,
				098FFF0B2ACB565B00F7E266 /* HeaderView.swift in Sources */,
				094819322AD23B10005DA2B2 /* RipeningData.swift in Sources */,
				0948192C2AD07284005DA2B2 /* RecipeDetailView.swift in Sources */,
				094819202ACF7DA8005DA2B2 /* FactData.swift in Sources */,
			);
			runOnlyForDeploymentPostprocessing = 0;
		};
/* End PBXSourcesBuildPhase section */

/* Begin XCBuildConfiguration section */
		09FE871B2AC60BA500924057 /* Debug */ = {
			isa = XCBuildConfiguration;
			buildSettings = {
				ALWAYS_SEARCH_USER_PATHS = NO;
				CLANG_ANALYZER_NONNULL = YES;
				CLANG_ANALYZER_NUMBER_OBJECT_CONVERSION = YES_AGGRESSIVE;
				CLANG_CXX_LANGUAGE_STANDARD = "gnu++17";
				CLANG_ENABLE_MODULES = YES;
				CLANG_ENABLE_OBJC_ARC = YES;
				CLANG_ENABLE_OBJC_WEAK = YES;
				CLANG_WARN_BLOCK_CAPTURE_AUTORELEASING = YES;
				CLANG_WARN_BOOL_CONVERSION = YES;
				CLANG_WARN_COMMA = YES;
				CLANG_WARN_CONSTANT_CONVERSION = YES;
				CLANG_WARN_DEPRECATED_OBJC_IMPLEMENTATIONS = YES;
				CLANG_WARN_DIRECT_OBJC_ISA_USAGE = YES_ERROR;
				CLANG_WARN_DOCUMENTATION_COMMENTS = YES;
				CLANG_WARN_EMPTY_BODY = YES;
				CLANG_WARN_ENUM_CONVERSION = YES;
				CLANG_WARN_INFINITE_RECURSION = YES;
				CLANG_WARN_INT_CONVERSION = YES;
				CLANG_WARN_NON_LITERAL_NULL_CONVERSION = YES;
				CLANG_WARN_OBJC_IMPLICIT_RETAIN_SELF = YES;
				CLANG_WARN_OBJC_LITERAL_CONVERSION = YES;
				CLANG_WARN_OBJC_ROOT_CLASS = YES_ERROR;
				CLANG_WARN_QUOTED_INCLUDE_IN_FRAMEWORK_HEADER = YES;
				CLANG_WARN_RANGE_LOOP_ANALYSIS = YES;
				CLANG_WARN_STRICT_PROTOTYPES = YES;
				CLANG_WARN_SUSPICIOUS_MOVE = YES;
				CLANG_WARN_UNGUARDED_AVAILABILITY = YES_AGGRESSIVE;
				CLANG_WARN_UNREACHABLE_CODE = YES;
				CLANG_WARN__DUPLICATE_METHOD_MATCH = YES;
				COPY_PHASE_STRIP = NO;
				DEBUG_INFORMATION_FORMAT = dwarf;
				ENABLE_STRICT_OBJC_MSGSEND = YES;
				ENABLE_TESTABILITY = YES;
				GCC_C_LANGUAGE_STANDARD = gnu11;
				GCC_DYNAMIC_NO_PIC = NO;
				GCC_NO_COMMON_BLOCKS = YES;
				GCC_OPTIMIZATION_LEVEL = 0;
				GCC_PREPROCESSOR_DEFINITIONS = (
					"DEBUG=1",
					"$(inherited)",
				);
				GCC_WARN_64_TO_32_BIT_CONVERSION = YES;
				GCC_WARN_ABOUT_RETURN_TYPE = YES_ERROR;
				GCC_WARN_UNDECLARED_SELECTOR = YES;
				GCC_WARN_UNINITIALIZED_AUTOS = YES_AGGRESSIVE;
				GCC_WARN_UNUSED_FUNCTION = YES;
				GCC_WARN_UNUSED_VARIABLE = YES;
				IPHONEOS_DEPLOYMENT_TARGET = 15.5;
				MTL_ENABLE_DEBUG_INFO = INCLUDE_SOURCE;
				MTL_FAST_MATH = YES;
				ONLY_ACTIVE_ARCH = YES;
				SDKROOT = iphoneos;
				SWIFT_ACTIVE_COMPILATION_CONDITIONS = DEBUG;
				SWIFT_OPTIMIZATION_LEVEL = "-Onone";
			};
			name = Debug;
		};
		09FE871C2AC60BA500924057 /* Release */ = {
			isa = XCBuildConfiguration;
			buildSettings = {
				ALWAYS_SEARCH_USER_PATHS = NO;
				CLANG_ANALYZER_NONNULL = YES;
				CLANG_ANALYZER_NUMBER_OBJECT_CONVERSION = YES_AGGRESSIVE;
				CLANG_CXX_LANGUAGE_STANDARD = "gnu++17";
				CLANG_ENABLE_MODULES = YES;
				CLANG_ENABLE_OBJC_ARC = YES;
				CLANG_ENABLE_OBJC_WEAK = YES;
				CLANG_WARN_BLOCK_CAPTURE_AUTORELEASING = YES;
				CLANG_WARN_BOOL_CONVERSION = YES;
				CLANG_WARN_COMMA = YES;
				CLANG_WARN_CONSTANT_CONVERSION = YES;
				CLANG_WARN_DEPRECATED_OBJC_IMPLEMENTATIONS = YES;
				CLANG_WARN_DIRECT_OBJC_ISA_USAGE = YES_ERROR;
				CLANG_WARN_DOCUMENTATION_COMMENTS = YES;
				CLANG_WARN_EMPTY_BODY = YES;
				CLANG_WARN_ENUM_CONVERSION = YES;
				CLANG_WARN_INFINITE_RECURSION = YES;
				CLANG_WARN_INT_CONVERSION = YES;
				CLANG_WARN_NON_LITERAL_NULL_CONVERSION = YES;
				CLANG_WARN_OBJC_IMPLICIT_RETAIN_SELF = YES;
				CLANG_WARN_OBJC_LITERAL_CONVERSION = YES;
				CLANG_WARN_OBJC_ROOT_CLASS = YES_ERROR;
				CLANG_WARN_QUOTED_INCLUDE_IN_FRAMEWORK_HEADER = YES;
				CLANG_WARN_RANGE_LOOP_ANALYSIS = YES;
				CLANG_WARN_STRICT_PROTOTYPES = YES;
				CLANG_WARN_SUSPICIOUS_MOVE = YES;
				CLANG_WARN_UNGUARDED_AVAILABILITY = YES_AGGRESSIVE;
				CLANG_WARN_UNREACHABLE_CODE = YES;
				CLANG_WARN__DUPLICATE_METHOD_MATCH = YES;
				COPY_PHASE_STRIP = NO;
				DEBUG_INFORMATION_FORMAT = "dwarf-with-dsym";
				ENABLE_NS_ASSERTIONS = NO;
				ENABLE_STRICT_OBJC_MSGSEND = YES;
				GCC_C_LANGUAGE_STANDARD = gnu11;
				GCC_NO_COMMON_BLOCKS = YES;
				GCC_WARN_64_TO_32_BIT_CONVERSION = YES;
				GCC_WARN_ABOUT_RETURN_TYPE = YES_ERROR;
				GCC_WARN_UNDECLARED_SELECTOR = YES;
				GCC_WARN_UNINITIALIZED_AUTOS = YES_AGGRESSIVE;
				GCC_WARN_UNUSED_FUNCTION = YES;
				GCC_WARN_UNUSED_VARIABLE = YES;
				IPHONEOS_DEPLOYMENT_TARGET = 15.5;
				MTL_ENABLE_DEBUG_INFO = NO;
				MTL_FAST_MATH = YES;
				SDKROOT = iphoneos;
				SWIFT_COMPILATION_MODE = wholemodule;
				SWIFT_OPTIMIZATION_LEVEL = "-O";
				VALIDATE_PRODUCT = YES;
			};
			name = Release;
		};
		09FE871E2AC60BA500924057 /* Debug */ = {
			isa = XCBuildConfiguration;
			buildSettings = {
				ASSETCATALOG_COMPILER_APPICON_NAME = AppIcon;
				ASSETCATALOG_COMPILER_GLOBAL_ACCENT_COLOR_NAME = AccentColor;
				CODE_SIGN_STYLE = Automatic;
				CURRENT_PROJECT_VERSION = 1;
				DEVELOPMENT_ASSET_PATHS = "\"Avocado/Preview Content\"";
				DEVELOPMENT_TEAM = 5WR73Q6863;
				ENABLE_PREVIEWS = YES;
				GENERATE_INFOPLIST_FILE = YES;
				INFOPLIST_FILE = Avocado/Info.plist;
				INFOPLIST_KEY_UIApplicationSceneManifest_Generation = YES;
				INFOPLIST_KEY_UIApplicationSupportsIndirectInputEvents = YES;
				INFOPLIST_KEY_UILaunchStoryboardName = LaunchScreen.storyboard;
				INFOPLIST_KEY_UISupportedInterfaceOrientations = UIInterfaceOrientationPortrait;
				INFOPLIST_KEY_UISupportedInterfaceOrientations_iPad = "UIInterfaceOrientationLandscapeLeft UIInterfaceOrientationLandscapeRight UIInterfaceOrientationPortrait UIInterfaceOrientationPortraitUpsideDown";
				LD_RUNPATH_SEARCH_PATHS = (
					"$(inherited)",
					"@executable_path/Frameworks",
				);
				MARKETING_VERSION = 1.0;
				PRODUCT_BUNDLE_IDENTIFIER = com.adriancysvillegas.Avocado;
				PRODUCT_NAME = "$(TARGET_NAME)";
				SWIFT_EMIT_LOC_STRINGS = YES;
				SWIFT_VERSION = 5.0;
				TARGETED_DEVICE_FAMILY = "1,2";
			};
			name = Debug;
		};
		09FE871F2AC60BA500924057 /* Release */ = {
			isa = XCBuildConfiguration;
			buildSettings = {
				ASSETCATALOG_COMPILER_APPICON_NAME = AppIcon;
				ASSETCATALOG_COMPILER_GLOBAL_ACCENT_COLOR_NAME = AccentColor;
				CODE_SIGN_STYLE = Automatic;
				CURRENT_PROJECT_VERSION = 1;
				DEVELOPMENT_ASSET_PATHS = "\"Avocado/Preview Content\"";
				DEVELOPMENT_TEAM = 5WR73Q6863;
				ENABLE_PREVIEWS = YES;
				GENERATE_INFOPLIST_FILE = YES;
				INFOPLIST_FILE = Avocado/Info.plist;
				INFOPLIST_KEY_UIApplicationSceneManifest_Generation = YES;
				INFOPLIST_KEY_UIApplicationSupportsIndirectInputEvents = YES;
				INFOPLIST_KEY_UILaunchStoryboardName = LaunchScreen.storyboard;
				INFOPLIST_KEY_UISupportedInterfaceOrientations = UIInterfaceOrientationPortrait;
				INFOPLIST_KEY_UISupportedInterfaceOrientations_iPad = "UIInterfaceOrientationLandscapeLeft UIInterfaceOrientationLandscapeRight UIInterfaceOrientationPortrait UIInterfaceOrientationPortraitUpsideDown";
				LD_RUNPATH_SEARCH_PATHS = (
					"$(inherited)",
					"@executable_path/Frameworks",
				);
				MARKETING_VERSION = 1.0;
				PRODUCT_BUNDLE_IDENTIFIER = com.adriancysvillegas.Avocado;
				PRODUCT_NAME = "$(TARGET_NAME)";
				SWIFT_EMIT_LOC_STRINGS = YES;
				SWIFT_VERSION = 5.0;
				TARGETED_DEVICE_FAMILY = "1,2";
			};
			name = Release;
		};
/* End XCBuildConfiguration section */

/* Begin XCConfigurationList section */
		09FE870A2AC60B9D00924057 /* Build configuration list for PBXProject "Avocado" */ = {
			isa = XCConfigurationList;
			buildConfigurations = (
				09FE871B2AC60BA500924057 /* Debug */,
				09FE871C2AC60BA500924057 /* Release */,
			);
			defaultConfigurationIsVisible = 0;
			defaultConfigurationName = Release;
		};
		09FE871D2AC60BA500924057 /* Build configuration list for PBXNativeTarget "Avocado" */ = {
			isa = XCConfigurationList;
			buildConfigurations = (
				09FE871E2AC60BA500924057 /* Debug */,
				09FE871F2AC60BA500924057 /* Release */,
			);
			defaultConfigurationIsVisible = 0;
			defaultConfigurationName = Release;
		};
/* End XCConfigurationList section */
	};
	rootObject = 09FE87072AC60B9D00924057 /* Project object */;
}
